
Microsoft Visual Studio Solution File, Format Version 12.00
# Visual Studio Version 16
VisualStudioVersion = 16.0.30804.86
MinimumVisualStudioVersion = 10.0.40219.1
Project("{FAE04EC0-301F-11D3-BF4B-00C04F79EFBC}") = "AulaDecoratorPattern", "AulaDecoratorPattern\AulaDecoratorPattern.csproj", "{4A0E8EFB-8C30-4255-BA1A-0BEA0C48D37B}"
EndProject
Global
	GlobalSection(SolutionConfigurationPlatforms) = preSolution
		Debug|Any CPU = Debug|Any CPU
		Release|Any CPU = Release|Any CPU
	EndGlobalSection
	GlobalSection(ProjectConfigurationPlatforms) = postSolution
		{4A0E8EFB-8C30-4255-BA1A-0BEA0C48D37B}.Debug|Any CPU.ActiveCfg = Debug|Any CPU
		{4A0E8EFB-8C30-4255-BA1A-0BEA0C48D37B}.Debug|Any CPU.Build.0 = Debug|Any CPU
		{4A0E8EFB-8C30-4255-BA1A-0BEA0C48D37B}.Release|Any CPU.ActiveCfg = Release|Any CPU
		{4A0E8EFB-8C30-4255-BA1A-0BEA0C48D37B}.Release|Any CPU.Build.0 = Release|Any CPU
	EndGlobalSection
	GlobalSection(SolutionProperties) = preSolution
		HideSolutionNode = FALSE
	EndGlobalSection
	GlobalSection(ExtensibilityGlobals) = postSolution
		SolutionGuid = {C1889DF7-2AF8-47AE-88C5-2EB1CAE3775E}
	EndGlobalSection
EndGlobal
